// !$*UTF8*$!
{
	archiveVersion = 1;
	classes = {
	};
	objectVersion = 50;
	objects = {

/* Begin PBXBuildFile section */
		9BD35EF9244309E500367CCE /* AppDelegate.swift in Sources */ = {isa = PBXBuildFile; fileRef = 9BD35EF8244309E500367CCE /* AppDelegate.swift */; };
		9BD35EFB244309E500367CCE /* SceneDelegate.swift in Sources */ = {isa = PBXBuildFile; fileRef = 9BD35EFA244309E500367CCE /* SceneDelegate.swift */; };
		9BD35EFD244309E500367CCE /* CryptoViewController.swift in Sources */ = {isa = PBXBuildFile; fileRef = 9BD35EFC244309E500367CCE /* CryptoViewController.swift */; };
		9BD35F00244309E500367CCE /* Main.storyboard in Resources */ = {isa = PBXBuildFile; fileRef = 9BD35EFE244309E500367CCE /* Main.storyboard */; };
		9BD35F02244309EA00367CCE /* Assets.xcassets in Resources */ = {isa = PBXBuildFile; fileRef = 9BD35F01244309EA00367CCE /* Assets.xcassets */; };
		9BD35F05244309EA00367CCE /* LaunchScreen.storyboard in Resources */ = {isa = PBXBuildFile; fileRef = 9BD35F03244309EA00367CCE /* LaunchScreen.storyboard */; };
		9BD35F0F244317FA00367CCE /* CoinModel.swift in Sources */ = {isa = PBXBuildFile; fileRef = 9BD35F0E244317FA00367CCE /* CoinModel.swift */; };
		9BD35F1224431B1100367CCE /* CoinManager.swift in Sources */ = {isa = PBXBuildFile; fileRef = 9BD35F1124431B1100367CCE /* CoinManager.swift */; };
		9BD35F1424431B3B00367CCE /* CoinData.swift in Sources */ = {isa = PBXBuildFile; fileRef = 9BD35F1324431B3B00367CCE /* CoinData.swift */; };
/* End PBXBuildFile section */

/* Begin PBXFileReference section */
		9BD35EF5244309E500367CCE /* CryptoPrice.app */ = {isa = PBXFileReference; explicitFileType = wrapper.application; includeInIndex = 0; path = CryptoPrice.app; sourceTree = BUILT_PRODUCTS_DIR; };
		9BD35EF8244309E500367CCE /* AppDelegate.swift */ = {isa = PBXFileReference; lastKnownFileType = sourcecode.swift; path = AppDelegate.swift; sourceTree = "<group>"; };
		9BD35EFA244309E500367CCE /* SceneDelegate.swift */ = {isa = PBXFileReference; lastKnownFileType = sourcecode.swift; path = SceneDelegate.swift; sourceTree = "<group>"; };
		9BD35EFC244309E500367CCE /* CryptoViewController.swift */ = {isa = PBXFileReference; lastKnownFileType = sourcecode.swift; path = CryptoViewController.swift; sourceTree = "<group>"; };
		9BD35EFF244309E500367CCE /* Base */ = {isa = PBXFileReference; lastKnownFileType = file.storyboard; name = Base; path = Base.lproj/Main.storyboard; sourceTree = "<group>"; };
		9BD35F01244309EA00367CCE /* Assets.xcassets */ = {isa = PBXFileReference; lastKnownFileType = folder.assetcatalog; path = Assets.xcassets; sourceTree = "<group>"; };
		9BD35F04244309EA00367CCE /* Base */ = {isa = PBXFileReference; lastKnownFileType = file.storyboard; name = Base; path = Base.lproj/LaunchScreen.storyboard; sourceTree = "<group>"; };
		9BD35F06244309EA00367CCE /* Info.plist */ = {isa = PBXFileReference; lastKnownFileType = text.plist.xml; path = Info.plist; sourceTree = "<group>"; };
		9BD35F0E244317FA00367CCE /* CoinModel.swift */ = {isa = PBXFileReference; lastKnownFileType = sourcecode.swift; path = CoinModel.swift; sourceTree = "<group>"; };
		9BD35F1124431B1100367CCE /* CoinManager.swift */ = {isa = PBXFileReference; lastKnownFileType = sourcecode.swift; path = CoinManager.swift; sourceTree = "<group>"; };
		9BD35F1324431B3B00367CCE /* CoinData.swift */ = {isa = PBXFileReference; lastKnownFileType = sourcecode.swift; path = CoinData.swift; sourceTree = "<group>"; };
/* End PBXFileReference section */

/* Begin PBXFrameworksBuildPhase section */
		9BD35EF2244309E500367CCE /* Frameworks */ = {
			isa = PBXFrameworksBuildPhase;
			buildActionMask = 2147483647;
			files = (
			);
			runOnlyForDeploymentPostprocessing = 0;
		};
/* End PBXFrameworksBuildPhase section */

/* Begin PBXGroup section */
		9BD35EEC244309E500367CCE = {
			isa = PBXGroup;
			children = (
				9BD35EF7244309E500367CCE /* CryptoPrice */,
				9BD35EF6244309E500367CCE /* Products */,
			);
			sourceTree = "<group>";
		};
		9BD35EF6244309E500367CCE /* Products */ = {
			isa = PBXGroup;
			children = (
				9BD35EF5244309E500367CCE /* CryptoPrice.app */,
			);
			name = Products;
			sourceTree = "<group>";
		};
		9BD35EF7244309E500367CCE /* CryptoPrice */ = {
			isa = PBXGroup;
			children = (
				9BD35EF8244309E500367CCE /* AppDelegate.swift */,
				9BD35EFA244309E500367CCE /* SceneDelegate.swift */,
				9BD35F102443180600367CCE /* Model */,
				9BD35F0D244317B200367CCE /* Controller */,
				9BD35F0C244317A900367CCE /* View */,
				9BD35F01244309EA00367CCE /* Assets.xcassets */,
				9BD35F03244309EA00367CCE /* LaunchScreen.storyboard */,
				9BD35F06244309EA00367CCE /* Info.plist */,
			);
			path = CryptoPrice;
			sourceTree = "<group>";
		};
		9BD35F0C244317A900367CCE /* View */ = {
			isa = PBXGroup;
			children = (
				9BD35EFE244309E500367CCE /* Main.storyboard */,
			);
			path = View;
			sourceTree = "<group>";
		};
		9BD35F0D244317B200367CCE /* Controller */ = {
			isa = PBXGroup;
			children = (
				9BD35EFC244309E500367CCE /* CryptoViewController.swift */,
			);
			path = Controller;
			sourceTree = "<group>";
		};
		9BD35F102443180600367CCE /* Model */ = {
			isa = PBXGroup;
			children = (
				9BD35F1124431B1100367CCE /* CoinManager.swift */,
				9BD35F1324431B3B00367CCE /* CoinData.swift */,
				9BD35F0E244317FA00367CCE /* CoinModel.swift */,
			);
			path = Model;
			sourceTree = "<group>";
		};
/* End PBXGroup section */

/* Begin PBXNativeTarget section */
		9BD35EF4244309E500367CCE /* CryptoPrice */ = {
			isa = PBXNativeTarget;
			buildConfigurationList = 9BD35F09244309EA00367CCE /* Build configuration list for PBXNativeTarget "CryptoPrice" */;
			buildPhases = (
				9BD35EF1244309E500367CCE /* Sources */,
				9BD35EF2244309E500367CCE /* Frameworks */,
				9BD35EF3244309E500367CCE /* Resources */,
			);
			buildRules = (
			);
			dependencies = (
			);
			name = CryptoPrice;
			productName = CryptoPrice;
			productReference = 9BD35EF5244309E500367CCE /* CryptoPrice.app */;
			productType = "com.apple.product-type.application";
		};
/* End PBXNativeTarget section */

/* Begin PBXProject section */
		9BD35EED244309E500367CCE /* Project object */ = {
			isa = PBXProject;
			attributes = {
				LastSwiftUpdateCheck = 1140;
				LastUpgradeCheck = 1140;
				ORGANIZATIONNAME = "Sergey Borisov";
				TargetAttributes = {
					9BD35EF4244309E500367CCE = {
						CreatedOnToolsVersion = 11.4;
					};
				};
			};
			buildConfigurationList = 9BD35EF0244309E500367CCE /* Build configuration list for PBXProject "CryptoPrice" */;
			compatibilityVersion = "Xcode 9.3";
			developmentRegion = en;
			hasScannedForEncodings = 0;
			knownRegions = (
				en,
				Base,
			);
			mainGroup = 9BD35EEC244309E500367CCE;
			productRefGroup = 9BD35EF6244309E500367CCE /* Products */;
			projectDirPath = "";
			projectRoot = "";
			targets = (
				9BD35EF4244309E500367CCE /* CryptoPrice */,
			);
		};
/* End PBXProject section */

/* Begin PBXResourcesBuildPhase section */
		9BD35EF3244309E500367CCE /* Resources */ = {
			isa = PBXResourcesBuildPhase;
			buildActionMask = 2147483647;
			files = (
				9BD35F05244309EA00367CCE /* LaunchScreen.storyboard in Resources */,
				9BD35F02244309EA00367CCE /* Assets.xcassets in Resources */,
				9BD35F00244309E500367CCE /* Main.storyboard in Resources */,
			);
			runOnlyForDeploymentPostprocessing = 0;
		};
/* End PBXResourcesBuildPhase section */

/* Begin PBXSourcesBuildPhase section */
		9BD35EF1244309E500367CCE /* Sources */ = {
			isa = PBXSourcesBuildPhase;
			buildActionMask = 2147483647;
			files = (
				9BD35F1424431B3B00367CCE /* CoinData.swift in Sources */,
				9BD35F0F244317FA00367CCE /* CoinModel.swift in Sources */,
				9BD35EFD244309E500367CCE /* CryptoViewController.swift in Sources */,
				9BD35EF9244309E500367CCE /* AppDelegate.swift in Sources */,
				9BD35EFB244309E500367CCE /* SceneDelegate.swift in Sources */,
				9BD35F1224431B1100367CCE /* CoinManager.swift in Sources */,
			);
			runOnlyForDeploymentPostprocessing = 0;
		};
/* End PBXSourcesBuildPhase section */

/* Begin PBXVariantGroup section */
		9BD35EFE244309E500367CCE /* Main.storyboard */ = {
			isa = PBXVariantGroup;
			children = (
				9BD35EFF244309E500367CCE /* Base */,
			);
			name = Main.storyboard;
			sourceTree = "<group>";
		};
		9BD35F03244309EA00367CCE /* LaunchScreen.storyboard */ = {
			isa = PBXVariantGroup;
			children = (
				9BD35F04244309EA00367CCE /* Base */,
			);
			name = LaunchScreen.storyboard;
			sourceTree = "<group>";
		};
/* End PBXVariantGroup section */

/* Begin XCBuildConfiguration section */
		9BD35F07244309EA00367CCE /* Debug */ = {
			isa = XCBuildConfiguration;
			buildSettings = {
				ALWAYS_SEARCH_USER_PATHS = NO;
				CLANG_ANALYZER_NONNULL = YES;
				CLANG_ANALYZER_NUMBER_OBJECT_CONVERSION = YES_AGGRESSIVE;
				CLANG_CXX_LANGUAGE_STANDARD = "gnu++14";
				CLANG_CXX_LIBRARY = "libc++";
				CLANG_ENABLE_MODULES = YES;
				CLANG_ENABLE_OBJC_ARC = YES;
				CLANG_ENABLE_OBJC_WEAK = YES;
				CLANG_WARN_BLOCK_CAPTURE_AUTORELEASING = YES;
				CLANG_WARN_BOOL_CONVERSION = YES;
				CLANG_WARN_COMMA = YES;
				CLANG_WARN_CONSTANT_CONVERSION = YES;
				CLANG_WARN_DEPRECATED_OBJC_IMPLEMENTATIONS = YES;
				CLANG_WARN_DIRECT_OBJC_ISA_USAGE = YES_ERROR;
				CLANG_WARN_DOCUMENTATION_COMMENTS = YES;
				CLANG_WARN_EMPTY_BODY = YES;
				CLANG_WARN_ENUM_CONVERSION = YES;
				CLANG_WARN_INFINITE_RECURSION = YES;
				CLANG_WARN_INT_CONVERSION = YES;
				CLANG_WARN_NON_LITERAL_NULL_CONVERSION = YES;
				CLANG_WARN_OBJC_IMPLICIT_RETAIN_SELF = YES;
				CLANG_WARN_OBJC_LITERAL_CONVERSION = YES;
				CLANG_WARN_OBJC_ROOT_CLASS = YES_ERROR;
				CLANG_WARN_RANGE_LOOP_ANALYSIS = YES;
				CLANG_WARN_STRICT_PROTOTYPES = YES;
				CLANG_WARN_SUSPICIOUS_MOVE = YES;
				CLANG_WARN_UNGUARDED_AVAILABILITY = YES_AGGRESSIVE;
				CLANG_WARN_UNREACHABLE_CODE = YES;
				CLANG_WARN__DUPLICATE_METHOD_MATCH = YES;
				COPY_PHASE_STRIP = NO;
				DEBUG_INFORMATION_FORMAT = dwarf;
				ENABLE_STRICT_OBJC_MSGSEND = YES;
				ENABLE_TESTABILITY = YES;
				GCC_C_LANGUAGE_STANDARD = gnu11;
				GCC_DYNAMIC_NO_PIC = NO;
				GCC_NO_COMMON_BLOCKS = YES;
				GCC_OPTIMIZATION_LEVEL = 0;
				GCC_PREPROCESSOR_DEFINITIONS = (
					"DEBUG=1",
					"$(inherited)",
				);
				GCC_WARN_64_TO_32_BIT_CONVERSION = YES;
				GCC_WARN_ABOUT_RETURN_TYPE = YES_ERROR;
				GCC_WARN_UNDECLARED_SELECTOR = YES;
				GCC_WARN_UNINITIALIZED_AUTOS = YES_AGGRESSIVE;
				GCC_WARN_UNUSED_FUNCTION = YES;
				GCC_WARN_UNUSED_VARIABLE = YES;
				IPHONEOS_DEPLOYMENT_TARGET = 13.4;
				MTL_ENABLE_DEBUG_INFO = INCLUDE_SOURCE;
				MTL_FAST_MATH = YES;
				ONLY_ACTIVE_ARCH = YES;
				SDKROOT = iphoneos;
				SWIFT_ACTIVE_COMPILATION_CONDITIONS = DEBUG;
				SWIFT_OPTIMIZATION_LEVEL = "-Onone";
			};
			name = Debug;
		};
		9BD35F08244309EA00367CCE /* Release */ = {
			isa = XCBuildConfiguration;
			buildSettings = {
				ALWAYS_SEARCH_USER_PATHS = NO;
				CLANG_ANALYZER_NONNULL = YES;
				CLANG_ANALYZER_NUMBER_OBJECT_CONVERSION = YES_AGGRESSIVE;
				CLANG_CXX_LANGUAGE_STANDARD = "gnu++14";
				CLANG_CXX_LIBRARY = "libc++";
				CLANG_ENABLE_MODULES = YES;
				CLANG_ENABLE_OBJC_ARC = YES;
				CLANG_ENABLE_OBJC_WEAK = YES;
				CLANG_WARN_BLOCK_CAPTURE_AUTORELEASING = YES;
				CLANG_WARN_BOOL_CONVERSION = YES;
				CLANG_WARN_COMMA = YES;
				CLANG_WARN_CONSTANT_CONVERSION = YES;
				CLANG_WARN_DEPRECATED_OBJC_IMPLEMENTATIONS = YES;
				CLANG_WARN_DIRECT_OBJC_ISA_USAGE = YES_ERROR;
				CLANG_WARN_DOCUMENTATION_COMMENTS = YES;
				CLANG_WARN_EMPTY_BODY = YES;
				CLANG_WARN_ENUM_CONVERSION = YES;
				CLANG_WARN_INFINITE_RECURSION = YES;
				CLANG_WARN_INT_CONVERSION = YES;
				CLANG_WARN_NON_LITERAL_NULL_CONVERSION = YES;
				CLANG_WARN_OBJC_IMPLICIT_RETAIN_SELF = YES;
				CLANG_WARN_OBJC_LITERAL_CONVERSION = YES;
				CLANG_WARN_OBJC_ROOT_CLASS = YES_ERROR;
				CLANG_WARN_RANGE_LOOP_ANALYSIS = YES;
				CLANG_WARN_STRICT_PROTOTYPES = YES;
				CLANG_WARN_SUSPICIOUS_MOVE = YES;
				CLANG_WARN_UNGUARDED_AVAILABILITY = YES_AGGRESSIVE;
				CLANG_WARN_UNREACHABLE_CODE = YES;
				CLANG_WARN__DUPLICATE_METHOD_MATCH = YES;
				COPY_PHASE_STRIP = NO;
				DEBUG_INFORMATION_FORMAT = "dwarf-with-dsym";
				ENABLE_NS_ASSERTIONS = NO;
				ENABLE_STRICT_OBJC_MSGSEND = YES;
				GCC_C_LANGUAGE_STANDARD = gnu11;
				GCC_NO_COMMON_BLOCKS = YES;
				GCC_WARN_64_TO_32_BIT_CONVERSION = YES;
				GCC_WARN_ABOUT_RETURN_TYPE = YES_ERROR;
				GCC_WARN_UNDECLARED_SELECTOR = YES;
				GCC_WARN_UNINITIALIZED_AUTOS = YES_AGGRESSIVE;
				GCC_WARN_UNUSED_FUNCTION = YES;
				GCC_WARN_UNUSED_VARIABLE = YES;
				IPHONEOS_DEPLOYMENT_TARGET = 13.4;
				MTL_ENABLE_DEBUG_INFO = NO;
				MTL_FAST_MATH = YES;
				SDKROOT = iphoneos;
				SWIFT_COMPILATION_MODE = wholemodule;
				SWIFT_OPTIMIZATION_LEVEL = "-O";
				VALIDATE_PRODUCT = YES;
			};
			name = Release;
		};
		9BD35F0A244309EA00367CCE /* Debug */ = {
			isa = XCBuildConfiguration;
			buildSettings = {
				ASSETCATALOG_COMPILER_APPICON_NAME = AppIcon;
				CODE_SIGN_STYLE = Automatic;
				DEVELOPMENT_TEAM = HY3A45874N;
				INFOPLIST_FILE = CryptoPrice/Info.plist;
				LD_RUNPATH_SEARCH_PATHS = (
					"$(inherited)",
					"@executable_path/Frameworks",
				);
				PRODUCT_BUNDLE_IDENTIFIER = "Sergey-Borisov.CryptoPrice";
				PRODUCT_NAME = "$(TARGET_NAME)";
				SWIFT_VERSION = 5.0;
				TARGETED_DEVICE_FAMILY = "1,2";
			};
			name = Debug;
		};
		9BD35F0B244309EA00367CCE /* Release */ = {
			isa = XCBuildConfiguration;
			buildSettings = {
				ASSETCATALOG_COMPILER_APPICON_NAME = AppIcon;
				CODE_SIGN_STYLE = Automatic;
				DEVELOPMENT_TEAM = HY3A45874N;
				INFOPLIST_FILE = CryptoPrice/Info.plist;
				LD_RUNPATH_SEARCH_PATHS = (
					"$(inherited)",
					"@executable_path/Frameworks",
				);
				PRODUCT_BUNDLE_IDENTIFIER = "Sergey-Borisov.CryptoPrice";
				PRODUCT_NAME = "$(TARGET_NAME)";
				SWIFT_VERSION = 5.0;
				TARGETED_DEVICE_FAMILY = "1,2";
			};
			name = Release;
		};
/* End XCBuildConfiguration section */

/* Begin XCConfigurationList section */
		9BD35EF0244309E500367CCE /* Build configuration list for PBXProject "CryptoPrice" */ = {
			isa = XCConfigurationList;
			buildConfigurations = (
				9BD35F07244309EA00367CCE /* Debug */,
				9BD35F08244309EA00367CCE /* Release */,
			);
			defaultConfigurationIsVisible = 0;
			defaultConfigurationName = Release;
		};
		9BD35F09244309EA00367CCE /* Build configuration list for PBXNativeTarget "CryptoPrice" */ = {
			isa = XCConfigurationList;
			buildConfigurations = (
				9BD35F0A244309EA00367CCE /* Debug */,
				9BD35F0B244309EA00367CCE /* Release */,
			);
			defaultConfigurationIsVisible = 0;
			defaultConfigurationName = Release;
		};
/* End XCConfigurationList section */
	};
	rootObject = 9BD35EED244309E500367CCE /* Project object */;
}
